
Microsoft Visual Studio Solution File, Format Version 12.00
# Visual Studio Version 17
VisualStudioVersion = 17.10.34928.147
MinimumVisualStudioVersion = 10.0.40219.1
Project("{FAE04EC0-301F-11D3-BF4B-00C04F79EFBC}") = "SimpleTasks", "SimpleTasks\SimpleTasks.csproj", "{8E2C8C1D-9504-4739-9FE3-40257F1260EE}"
EndProject
Project("{FAE04EC0-301F-11D3-BF4B-00C04F79EFBC}") = "NuTestApp", "NuTestApp\NuTestApp.csproj", "{D2BF823F-2413-4D71-B4CF-44D737FA1D64}"
EndProject
Global
	GlobalSection(SolutionConfigurationPlatforms) = preSolution
		Debug|Any CPU = Debug|Any CPU
		Release|Any CPU = Release|Any CPU
	EndGlobalSection
	GlobalSection(ProjectConfigurationPlatforms) = postSolution
		{8E2C8C1D-9504-4739-9FE3-40257F1260EE}.Debug|Any CPU.ActiveCfg = Debug|Any CPU
		{8E2C8C1D-9504-4739-9FE3-40257F1260EE}.Debug|Any CPU.Build.0 = Debug|Any CPU
		{8E2C8C1D-9504-4739-9FE3-40257F1260EE}.Release|Any CPU.ActiveCfg = Release|Any CPU
		{8E2C8C1D-9504-4739-9FE3-40257F1260EE}.Release|Any CPU.Build.0 = Release|Any CPU
		{D2BF823F-2413-4D71-B4CF-44D737FA1D64}.Debug|Any CPU.ActiveCfg = Debug|Any CPU
		{D2BF823F-2413-4D71-B4CF-44D737FA1D64}.Debug|Any CPU.Build.0 = Debug|Any CPU
		{D2BF823F-2413-4D71-B4CF-44D737FA1D64}.Release|Any CPU.ActiveCfg = Release|Any CPU
		{D2BF823F-2413-4D71-B4CF-44D737FA1D64}.Release|Any CPU.Build.0 = Release|Any CPU
	EndGlobalSection
	GlobalSection(SolutionProperties) = preSolution
		HideSolutionNode = FALSE
	EndGlobalSection
	GlobalSection(ExtensibilityGlobals) = postSolution
		SolutionGuid = {C96D4FDD-4350-44AB-87B8-735C04D46436}
	EndGlobalSection
EndGlobal
